{
  "version": 4,
  "terraform_version": "1.2.4",
  "serial": 33,
  "lineage": "2e1ef329-2c50-c2b2-d67a-c3ed41b35cab",
  "outputs": {
    "aws_ecr_repository": {
      "value": "583625886946.dkr.ecr.us-west-2.amazonaws.com/lambda-github-action-trigger",
      "type": "string"
    }
  },
  "resources": [
    {
      "mode": "data",
      "type": "archive_file",
      "name": "zip_the_python_code",
      "provider": "provider[\"registry.terraform.io/hashicorp/archive\"]",
      "instances": [
        {
          "schema_version": 0,
          "attributes": {
            "exclude_symlink_directories": null,
            "excludes": null,
            "id": "2b3158bd2b31352e8140b3b2f0b489a0ec283b88",
            "output_base64sha256": "cBdc4A2twM8Tug2E/af77pP+zFpikdqijadQBZoqV4g=",
            "output_base64sha512": "pxuyX++Pnz3caWuUHQRuDQi00wDmuok7A7qprYkpSUZIG5CoPbwMUTRuAi0iZNJHFjxfqsn9j94EHY8jDoSGSA==",
            "output_file_mode": null,
            "output_md5": "320c26c145da8b471225bd80e63fd4ed",
            "output_path": "./trigger_job.zip",
            "output_sha": "2b3158bd2b31352e8140b3b2f0b489a0ec283b88",
            "output_sha256": "70175ce00dadc0cf13ba0d84fda7fbee93fecc5a6291daa28da750059a2a5788",
            "output_sha512": "a71bb25fef8f9f3ddc696b941d046e0d08b4d300e6ba893b03baa9ad89294946481b90a83dbc0c51346e022d2264d247163c5faac9fd8fde041d8f230e848648",
            "output_size": 133,
            "source": [],
            "source_content": null,
            "source_content_filename": null,
            "source_dir": "./lambda/",
            "source_file": null,
            "type": "zip"
          },
          "sensitive_attributes": []
        }
      ]
    },
    {
      "mode": "data",
      "type": "aws_ecr_authorization_token",
      "name": "token",
      "provider": "provider[\"registry.terraform.io/hashicorp/aws\"]",
      "instances": [
        {
          "schema_version": 0,
          "attributes": {
            "authorization_token": "QVdTOmV5SndZWGxzYjJGa0lqb2llakphWWpZd04yVXJia3gzU25Gdk5YbEZNVkp0WWtaSlRGZEthWHBuTUZabmFsTm5aVXh6Y1dkT1dIWkJOMlJvYVZsSGNrZERhMk5VTkcxWFNWTlhUVlJqUWpkaVV6YzBSV1ZKV201UU0zQTRjMFl6VWxrMVRGSmhiVkJpWXpaQ2VWVXpUVEZ4VlRGb2QyeHFjMjh5ZVdWWmRYRk9XbEI2VFV3eVZ6TlZUVWxUZUdWUVozZHdSMGhoUW1OT2VFTXpkV0o1Ulc5S00yRlVSbGR6VFVOSlQyZHNaVEJHUWxSRGRXUm1RVGRVZVhWTEszTkRWMmN6Y0c1NE0zRm1aVEV5VlUxaWNHVkVVVWRDVG5ORFkxbEJUR2RGVTJoYWJESlNja292UVdKc05VbFJhbTFhVW5GVFYxQkhWRU5QWTBaNk5YUjZkV0UwTVdka2QxSm9hVXB2YVU5R1JUVjBabVJ6YkRaaVQxWmhSMmd2UzJkdlZISnlibTFEWm5OeloxUnpUazVWYzFJd2RuRkZNbWg1VW1KYU5YcEJaR05rZFU1YVZIRmxaMDVhUjNGVFVsSnJPRVZPVVVaS2RYVndNVlUzYm5oTllUYzJaMlJaWlV0QmNHNVJiVzByTm1STVlVWkRZbWxoYzNkcmNrcG1Xa0ZXZG5GVFdEUnlka0ZUV2xGVmVGVlVNVFVyY3psdE1UZE1UMVpvZVdkV01XVjFabTlJYmxRMWJGRjJUSGxMYTFseVRXTnZkMWRxT0U5bWJGVlFRV2x5V1ZkTFVXVkhaVGMyVW5oNWVrVm5jVVZtUjBOR1ZWRm5MMVpGYTFJMGFUQjNiak5yTTBoRGVERllja1V2WTBJclIyeG5hMGQzYld0bFpYSmtaMUZyTjJwa2RGWnZPRmczVkhaUFVubzRhREUwT0VKbFdrYzNTRzlhWkVkWWNITnhhM1ZZU1hZd2NIUnlOVEJIYlVWNGVqUmxhM3BsVm1aaFpFTXpUekpHU2pCaVFXTjNVRFZZVURGT1JYZExhMWhhZWtWWE5UbHhlR1l4TjJ0SU1VdFVPVlEzUkUwM2QwczRMMFV5UW0wd05GUXpVa1pGVURaUFZWSnNZVFZHYmxSNlQyRjRkbWsyTDFWdmFtZGhUelZXYjNnM2FXWlpXRFl3WkN0RWRVNW9PR1ZCZWt4VE1sZzFTalpMU1VwRGVUZFRVRVJKVlRScU9Ia3lVV0pGYWxBMWFVa3hOVWszVldaUU1VOU5NSEFyWlhSbUwxRldiV3R2Wm1sVmVEZE1LMkpCWVZKVFV6RnJSVU15YlRkSU1saEJhRVF4TkRsdFMzRlBRM1JFYVcwMVJYaHRkRFpPVGxGNGRuTjROVkZuYTBOQ1pqVnVUMEYzVTBWQmVubGxlV3BMWm14TFVYQXhTMmhMUW5OVFpsZEJVa2t3Tm1wUVUyWk1SVkpLZEdOc05FbEdSV1J1UTFKRlV6UjROUzlMZUVoSkwyZDNSSFpCZUVnck4wNVZXR3h5T0dkTlpHaE5lazF2VDJOM1VteERSRkJLTVVRelJFZFNhRk5oYnpGNFMzUjVNR1kyYldoSWJHNDVlVUZsZFc0NGNuaFJZbFF3YlVwaUsyMWpkRXR1TlM5V1kyRTBPV3RoUVRGcWNIaExOVlpUUVRaaVdGUkxZblF5ZGtwRE1UTlZWVk00TVhoaFlsbzBSRmczZUUxVmJHbHZPV2g1V0ZkVlNrWTBOMGd6WkZJM2FIQnhZakEzU1RCeFYwaEZkemhyV1hsdFFsUmpMMU5xY0RsUk5XRklPRGxIZGpsd1JVRTJaM3B0U0RsRlR6TkllbG80WmxvdlpXSTBSRE5aYURBelpIRlFXazU1ZW5SMlJWQjVXa3RVWXpkYVpVZFNLM2hJVjFSMU4ybENPUzkyUkhWU1pHNDJTazVDUzI5NVduTjBXSEYxWkdSaE5VZDVURVprWm1seWJrWk5UMGxMYUZKdWJVWnJkRmt5UjBKMGVrWlNjVU52WVhGblJsTlZiVzF5V0ZoVU5GQjJTME5EY21KcVdIbDJURkpWUVd0MmEybFNWa0p5Y0d3Mk9TdHBPR296YmtZNWJYQkNOVTl0ZFhOMGVWVnZTbTVrVmtoclVFZE5RMGhrVmpSSmJISlVSMjlOWjA1dFNYWTFZMmxJTkd3M2QwaHlVWEpISzNvelprVnpXazFwT1M5dlVWYzFSRlJYVVc1MmFWVkVlRWxGVGpoRmNqSm1SVzlUYjFSTlVVbzNXblJZUlZCUWNFSXJWbnBSWW1WclYxTnRNV2dyVFZwS1YyNWpVSE0zVFVaT1YwZEdjV2xzVEZSUU1pdHViR3RqVWtveFJERjBObUZaT1ZKV2NFMVhZbTFwVkhGT2NGTnhUelZhYVhWdlZ5dFFjRkZKWjNkSGVWbFRjeTl5ZGxwc01FTjBhVzV2ZUhaVk1HdHJkM3BZWlhNdk4yVXhRVms0VVZsa2MwMVRkM0JCTDNCNFZubHRJaXdpWkdGMFlXdGxlU0k2SWtGUlJVSkJTR28yYkdNMFdFbEtkeTgzYkc0d1NHTXdNRVJOWldzMlIwVjRTRU5pV1RSU1NYQlVUVU5KTlRoSmJsVjNRVUZCU0RSM1prRlpTa3R2V2tsb2RtTk9RVkZqUjI5SE9IZGlVVWxDUVVSQ2IwSm5hM0ZvYTJsSE9YY3dRa0ozUlhkSVoxbEtXVWxhU1VGWFZVUkNRVVYxVFVKRlJVUkhlbEZJV2xvNFJXbGtLMHBtVldjd1FVbENSVWxCTjJOMFNUbEVORGd2Y2xscGN6WnljVllyUzJZM1UzUkdZVlJzU25aTlFscFlUa3cxZDJsWEx6WXlSM0pITkZGSFdXRnFOM0V5YW1SWk4wY3pPV0ZHWjFSWVRUTXZVV0U0VDNSS1EyOUVVV005SWl3aWRtVnljMmx2YmlJNklqSWlMQ0owZVhCbElqb2lSRUZVUVY5TFJWa2lMQ0psZUhCcGNtRjBhVzl1SWpveE5qZzVOelExTWpVMWZRPT0=",
            "expires_at": "2023-07-19T05:40:55Z",
            "id": "us-west-2",
            "password": "eyJwYXlsb2FkIjoiejJaYjYwN2Urbkx3SnFvNXlFMVJtYkZJTFdKaXpnMFZnalNnZUxzcWdOWHZBN2RoaVlHckdDa2NUNG1XSVNXTVRjQjdiUzc0RWVJWm5QM3A4c0YzUlk1TFJhbVBiYzZCeVUzTTFxVTFod2xqc28yeWVZdXFOWlB6TUwyVzNVTUlTeGVQZ3dwR0hhQmNOeEMzdWJ5RW9KM2FURldzTUNJT2dsZTBGQlRDdWRmQTdUeXVLK3NDV2czcG54M3FmZTEyVU1icGVEUUdCTnNDY1lBTGdFU2habDJSckovQWJsNUlRam1aUnFTV1BHVENPY0Z6NXR6dWE0MWdkd1JoaUpvaU9GRTV0ZmRzbDZiT1ZhR2gvS2dvVHJybm1DZnNzZ1RzTk5Vc1IwdnFFMmh5UmJaNXpBZGNkdU5aVHFlZ05aR3FTUlJrOEVOUUZKdXVwMVU3bnhNYTc2Z2RZZUtBcG5RbW0rNmRMYUZDYmlhc3drckpmWkFWdnFTWDRydkFTWlFVeFVUMTUrczltMTdMT1ZoeWdWMWV1Zm9IblQ1bFF2THlLa1lyTWNvd1dqOE9mbFVQQWlyWVdLUWVHZTc2Unh5ekVncUVmR0NGVVFnL1ZFa1I0aTB3bjNrM0hDeDFYckUvY0IrR2xna0d3bWtlZXJkZ1FrN2pkdFZvOFg3VHZPUno4aDE0OEJlWkc3SG9aZEdYcHNxa3VYSXYwcHRyNTBHbUV4ejRla3plVmZhZEMzTzJGSjBiQWN3UDVYUDFORXdLa1haekVXNTlxeGYxN2tIMUtUOVQ3RE03d0s4L0UyQm0wNFQzUkZFUDZPVVJsYTVGblR6T2F4dmk2L1VvamdhTzVWb3g3aWZZWDYwZCtEdU5oOGVBekxTMlg1SjZLSUpDeTdTUERJVTRqOHkyUWJFalA1aUkxNUk3VWZQMU9NMHArZXRmL1FWbWtvZmlVeDdMK2JBYVJTUzFrRUMybTdIMlhBaEQxNDltS3FPQ3REaW01RXhtdDZOTlF4dnN4NVFna0NCZjVuT0F3U0VBenlleWpLZmxLUXAxS2hLQnNTZldBUkkwNmpQU2ZMRVJKdGNsNElGRWRuQ1JFUzR4NS9LeEhJL2d3RHZBeEgrN05VWGxyOGdNZGhNek1vT2N3UmxDRFBKMUQzREdSaFNhbzF4S3R5MGY2bWhIbG45eUFldW44cnhRYlQwbUpiK21jdEtuNS9WY2E0OWthQTFqcHhLNVZTQTZiWFRLYnQydkpDMTNVVVM4MXhhYlo0RFg3eE1VbGlvOWh5WFdVSkY0N0gzZFI3aHBxYjA3STBxV0hFdzhrWXltQlRjL1NqcDlRNWFIODlHdjlwRUE2Z3ptSDlFTzNIelo4ZlovZWI0RDNZaDAzZHFQWk55enR2RVB5WktUYzdaZUdSK3hIV1R1N2lCOS92RHVSZG42Sk5CS295WnN0WHF1ZGRhNUd5TEZkZmlybkZNT0lLaFJubUZrdFkyR0J0ekZScUNvYXFnRlNVbW1yWFhUNFB2S0NDcmJqWHl2TFJVQWt2a2lSVkJycGw2OStpOGozbkY5bXBCNU9tdXN0eVVvSm5kVkhrUEdNQ0hkVjRJbHJUR29NZ05tSXY1Y2lINGw3d0hyUXJHK3ozZkVzWk1pOS9vUVc1RFRXUW52aVVEeElFTjhFcjJmRW9Tb1RNUUo3WnRYRVBQcEIrVnpRYmVrV1NtMWgrTVpKV25jUHM3TUZOV0dGcWlsTFRQMitubGtjUkoxRDF0NmFZOVJWcE1XYm1pVHFOcFNxTzVaaXVvVytQcFFJZ3dHeVlTcy9ydlpsMEN0aW5veHZVMGtrd3pYZXMvN2UxQVk4UVlkc01Td3BBL3B4VnltIiwiZGF0YWtleSI6IkFRRUJBSGo2bGM0WElKdy83bG4wSGMwMERNZWs2R0V4SENiWTRSSXBUTUNJNThJblV3QUFBSDR3ZkFZSktvWklodmNOQVFjR29HOHdiUUlCQURCb0Jna3Foa2lHOXcwQkJ3RXdIZ1lKWUlaSUFXVURCQUV1TUJFRURHelFIWlo4RWlkK0pmVWcwQUlCRUlBN2N0STlENDgvcllpczZycVYrS2Y3U3RGYVRsSnZNQlpYTkw1d2lXLzYyR3JHNFFHWWFqN3EyamRZN0czOWFGZ1RYTTMvUWE4T3RKQ29EUWM9IiwidmVyc2lvbiI6IjIiLCJ0eXBlIjoiREFUQV9LRVkiLCJleHBpcmF0aW9uIjoxNjg5NzQ1MjU1fQ==",
            "proxy_endpoint": "https://583625886946.dkr.ecr.us-west-2.amazonaws.com",
            "registry_id": null,
            "user_name": "AWS"
          },
          "sensitive_attributes": []
        }
      ]
    },
    {
      "mode": "data",
      "type": "aws_iam_policy_document",
      "name": "bucket_policy",
      "provider": "provider[\"registry.terraform.io/hashicorp/aws\"]",
      "instances": [
        {
          "schema_version": 0,
          "attributes": {
            "id": "1330866554",
            "json": "{\n  \"Version\": \"2012-10-17\",\n  \"Statement\": [\n    {\n      \"Sid\": \"AllowBucketAccess\",\n      \"Effect\": \"Allow\",\n      \"Action\": [\n        \"s3:PutObject\",\n        \"s3:GetObject\",\n        \"s3:DeleteObject\"\n      ],\n      \"Resource\": [\n        \"arn:aws:s3:::runner-poc-testing-result/*\",\n        \"arn:aws:s3:::runner-poc-bucket/*\"\n      ]\n    }\n  ]\n}",
            "override_json": null,
            "override_policy_documents": null,
            "policy_id": null,
            "source_json": null,
            "source_policy_documents": null,
            "statement": [
              {
                "actions": [
                  "s3:DeleteObject",
                  "s3:GetObject",
                  "s3:PutObject"
                ],
                "condition": [],
                "effect": "Allow",
                "not_actions": [],
                "not_principals": [],
                "not_resources": [],
                "principals": [],
                "resources": [
                  "arn:aws:s3:::runner-poc-bucket/*",
                  "arn:aws:s3:::runner-poc-testing-result/*"
                ],
                "sid": "AllowBucketAccess"
              }
            ],
            "version": "2012-10-17"
          },
          "sensitive_attributes": []
        }
      ]
    },
    {
      "mode": "managed",
      "type": "aws_ecr_repository",
      "name": "repository",
      "provider": "provider[\"registry.terraform.io/hashicorp/aws\"]",
      "instances": [
        {
          "schema_version": 0,
          "attributes": {
            "arn": "arn:aws:ecr:us-west-2:583625886946:repository/lambda-github-action-trigger",
            "encryption_configuration": [
              {
                "encryption_type": "AES256",
                "kms_key": ""
              }
            ],
            "force_delete": null,
            "id": "lambda-github-action-trigger",
            "image_scanning_configuration": [
              {
                "scan_on_push": false
              }
            ],
            "image_tag_mutability": "MUTABLE",
            "name": "lambda-github-action-trigger",
            "registry_id": "583625886946",
            "repository_url": "583625886946.dkr.ecr.us-west-2.amazonaws.com/lambda-github-action-trigger",
            "tags": {},
            "tags_all": {},
            "timeouts": null
          },
          "sensitive_attributes": [],
          "private": "eyJlMmJmYjczMC1lY2FhLTExZTYtOGY4OC0zNDM2M2JjN2M0YzAiOnsiZGVsZXRlIjoxMjAwMDAwMDAwMDAwfX0="
        }
      ]
    },
    {
      "mode": "managed",
      "type": "aws_iam_policy",
      "name": "bucket_policy",
      "provider": "provider[\"registry.terraform.io/hashicorp/aws\"]",
      "instances": [
        {
          "schema_version": 0,
          "attributes": {
            "arn": "arn:aws:iam::583625886946:policy/S3BucketAccessPolicy",
            "description": "",
            "id": "arn:aws:iam::583625886946:policy/S3BucketAccessPolicy",
            "name": "S3BucketAccessPolicy",
            "name_prefix": "",
            "path": "/",
            "policy": "{\"Statement\":[{\"Action\":[\"s3:PutObject\",\"s3:GetObject\",\"s3:DeleteObject\"],\"Effect\":\"Allow\",\"Resource\":[\"arn:aws:s3:::runner-poc-testing-result/*\",\"arn:aws:s3:::runner-poc-bucket/*\"],\"Sid\":\"AllowBucketAccess\"}],\"Version\":\"2012-10-17\"}",
            "policy_id": "ANPAYPYWQJTRNTGCRQJON",
            "tags": {},
            "tags_all": {}
          },
          "sensitive_attributes": [],
          "private": "bnVsbA==",
          "dependencies": [
            "aws_s3_bucket.runner_poc_bucket",
            "aws_s3_bucket.runner_poc_testing_result",
            "data.aws_iam_policy_document.bucket_policy"
          ]
        }
      ]
    },
    {
      "mode": "managed",
      "type": "aws_iam_policy",
      "name": "iam_policy_for_lambda",
      "provider": "provider[\"registry.terraform.io/hashicorp/aws\"]",
      "instances": [
        {
          "schema_version": 0,
          "attributes": {
            "arn": "arn:aws:iam::583625886946:policy/aws_iam_policy_for_terraform_aws_lambda_role",
            "description": "AWS IAM Policy for managing aws lambda role",
            "id": "arn:aws:iam::583625886946:policy/aws_iam_policy_for_terraform_aws_lambda_role",
            "name": "aws_iam_policy_for_terraform_aws_lambda_role",
            "name_prefix": "",
            "path": "/",
            "policy": "{\"Statement\":[{\"Action\":[\"logs:CreateLogGroup\",\"logs:CreateLogStream\",\"logs:PutLogEvents\"],\"Effect\":\"Allow\",\"Resource\":\"arn:aws:logs:*:*:*\"}],\"Version\":\"2012-10-17\"}",
            "policy_id": "ANPAYPYWQJTRIAPWFGBZE",
            "tags": {},
            "tags_all": {}
          },
          "sensitive_attributes": [],
          "private": "bnVsbA=="
        }
      ]
    },
    {
      "mode": "managed",
      "type": "aws_iam_role",
      "name": "lambda_exec_role",
      "provider": "provider[\"registry.terraform.io/hashicorp/aws\"]",
      "instances": [
        {
          "schema_version": 0,
          "attributes": {
            "arn": "arn:aws:iam::583625886946:role/lambda-exec-role",
            "assume_role_policy": "{\"Statement\":[{\"Action\":\"sts:AssumeRole\",\"Effect\":\"Allow\",\"Principal\":{\"Service\":\"lambda.amazonaws.com\"},\"Sid\":\"\"}],\"Version\":\"2012-10-17\"}",
            "create_date": "2023-07-18T15:58:34Z",
            "description": "",
            "force_detach_policies": false,
            "id": "lambda-exec-role",
            "inline_policy": [],
            "managed_policy_arns": [
              "arn:aws:iam::583625886946:policy/aws_iam_policy_for_terraform_aws_lambda_role"
            ],
            "max_session_duration": 3600,
            "name": "lambda-exec-role",
            "name_prefix": "",
            "path": "/",
            "permissions_boundary": null,
            "role_last_used": [
              {
                "last_used_date": "2023-07-18T16:56:40Z",
                "region": "us-west-2"
              }
            ],
            "tags": {},
            "tags_all": {},
            "unique_id": "AROAYPYWQJTRF3KWR27EY"
          },
          "sensitive_attributes": [],
          "private": "bnVsbA=="
        }
      ]
    },
    {
      "mode": "managed",
      "type": "aws_iam_role_policy_attachment",
      "name": "attach_iam_policy_to_iam_role",
      "provider": "provider[\"registry.terraform.io/hashicorp/aws\"]",
      "instances": [
        {
          "schema_version": 0,
          "attributes": {
            "id": "lambda-exec-role-20230718161130881400000001",
            "policy_arn": "arn:aws:iam::583625886946:policy/aws_iam_policy_for_terraform_aws_lambda_role",
            "role": "lambda-exec-role"
          },
          "sensitive_attributes": [],
          "private": "bnVsbA==",
          "dependencies": [
            "aws_iam_policy.iam_policy_for_lambda",
            "aws_iam_role.lambda_exec_role"
          ]
        }
      ]
    },
    {
      "mode": "managed",
      "type": "aws_lambda_function",
      "name": "trigger_github_action",
      "provider": "provider[\"registry.terraform.io/hashicorp/aws\"]",
      "instances": [
        {
          "schema_version": 0,
          "attributes": {
            "architectures": [
              "x86_64"
            ],
            "arn": "arn:aws:lambda:us-west-2:583625886946:function:TriggerGithubAction",
            "code_signing_config_arn": "",
            "dead_letter_config": [],
            "description": "",
            "environment": [],
            "ephemeral_storage": [
              {
                "size": 512
              }
            ],
            "file_system_config": [],
            "filename": null,
            "function_name": "TriggerGithubAction",
            "handler": "",
            "id": "TriggerGithubAction",
            "image_config": [],
            "image_uri": "583625886946.dkr.ecr.us-west-2.amazonaws.com/lambda-github-action-trigger:latest",
            "invoke_arn": "arn:aws:apigateway:us-west-2:lambda:path/2015-03-31/functions/arn:aws:lambda:us-west-2:583625886946:function:TriggerGithubAction/invocations",
            "kms_key_arn": "",
            "last_modified": "2023-07-18T17:41:02.742+0000",
            "layers": null,
            "memory_size": 128,
            "package_type": "Image",
            "publish": false,
            "qualified_arn": "arn:aws:lambda:us-west-2:583625886946:function:TriggerGithubAction:$LATEST",
            "qualified_invoke_arn": "arn:aws:apigateway:us-west-2:lambda:path/2015-03-31/functions/arn:aws:lambda:us-west-2:583625886946:function:TriggerGithubAction:$LATEST/invocations",
            "replace_security_groups_on_destroy": null,
            "replacement_security_group_ids": null,
            "reserved_concurrent_executions": -1,
            "role": "arn:aws:iam::583625886946:role/lambda-exec-role",
            "runtime": "",
            "s3_bucket": null,
            "s3_key": null,
            "s3_object_version": null,
            "signing_job_arn": "",
            "signing_profile_version_arn": "",
            "skip_destroy": false,
            "snap_start": [],
            "source_code_hash": "346a170f5b1e77c5d5c54909ab53d80952c0ecc642e75c9a2d7f2afdec98146c",
            "source_code_size": 0,
            "tags": null,
            "tags_all": {},
            "timeout": 3,
            "timeouts": null,
            "tracing_config": [
              {
                "mode": "PassThrough"
              }
            ],
            "version": "$LATEST",
            "vpc_config": []
          },
          "sensitive_attributes": [],
          "private": "eyJlMmJmYjczMC1lY2FhLTExZTYtOGY4OC0zNDM2M2JjN2M0YzAiOnsiY3JlYXRlIjo2MDAwMDAwMDAwMDAsImRlbGV0ZSI6NjAwMDAwMDAwMDAwLCJ1cGRhdGUiOjYwMDAwMDAwMDAwMH19",
          "dependencies": [
            "aws_ecr_repository.repository",
            "aws_iam_role.lambda_exec_role",
            "aws_iam_role_policy_attachment.attach_iam_policy_to_iam_role"
          ]
        }
      ]
    },
    {
      "mode": "managed",
      "type": "aws_lambda_permission",
      "name": "test",
      "provider": "provider[\"registry.terraform.io/hashicorp/aws\"]",
      "instances": [
        {
          "schema_version": 0,
          "attributes": {
            "action": "lambda:InvokeFunction",
            "event_source_token": null,
            "function_name": "TriggerGithubAction",
            "function_url_auth_type": null,
            "id": "AllowS3Invoke",
            "principal": "s3.amazonaws.com",
            "principal_org_id": null,
            "qualifier": "",
            "source_account": null,
            "source_arn": "arn:aws:s3:::runner-poc-bucket",
            "statement_id": "AllowS3Invoke",
            "statement_id_prefix": ""
          },
          "sensitive_attributes": [],
          "private": "bnVsbA==",
          "dependencies": [
            "aws_ecr_repository.repository",
            "aws_iam_role.lambda_exec_role",
            "aws_iam_role_policy_attachment.attach_iam_policy_to_iam_role",
            "aws_lambda_function.trigger_github_action",
            "aws_s3_bucket.runner_poc_bucket"
          ]
        }
      ]
    },
    {
      "mode": "managed",
      "type": "aws_s3_bucket",
      "name": "runner_poc_bucket",
      "provider": "provider[\"registry.terraform.io/hashicorp/aws\"]",
      "instances": [
        {
          "schema_version": 0,
          "attributes": {
            "acceleration_status": "",
            "acl": "private",
            "arn": "arn:aws:s3:::runner-poc-bucket",
            "bucket": "runner-poc-bucket",
            "bucket_domain_name": "runner-poc-bucket.s3.amazonaws.com",
            "bucket_prefix": "",
            "bucket_regional_domain_name": "runner-poc-bucket.s3.us-west-2.amazonaws.com",
            "cors_rule": [],
            "force_destroy": false,
            "grant": [
              {
                "id": "d51c7d9dd5a6dc427c371391a7a1b84dc9b42418f13f07c406d64c334e571563",
                "permissions": [
                  "FULL_CONTROL"
                ],
                "type": "CanonicalUser",
                "uri": ""
              }
            ],
            "hosted_zone_id": "Z3BJ6K6RIION7M",
            "id": "runner-poc-bucket",
            "lifecycle_rule": [],
            "logging": [],
            "object_lock_configuration": [],
            "object_lock_enabled": false,
            "policy": "",
            "region": "us-west-2",
            "replication_configuration": [],
            "request_payer": "BucketOwner",
            "server_side_encryption_configuration": [
              {
                "rule": [
                  {
                    "apply_server_side_encryption_by_default": [
                      {
                        "kms_master_key_id": "",
                        "sse_algorithm": "AES256"
                      }
                    ],
                    "bucket_key_enabled": false
                  }
                ]
              }
            ],
            "tags": {},
            "tags_all": {},
            "timeouts": null,
            "versioning": [
              {
                "enabled": true,
                "mfa_delete": false
              }
            ],
            "website": [],
            "website_domain": null,
            "website_endpoint": null
          },
          "sensitive_attributes": [],
          "private": "eyJlMmJmYjczMC1lY2FhLTExZTYtOGY4OC0zNDM2M2JjN2M0YzAiOnsiY3JlYXRlIjoxMjAwMDAwMDAwMDAwLCJkZWxldGUiOjM2MDAwMDAwMDAwMDAsInJlYWQiOjEyMDAwMDAwMDAwMDAsInVwZGF0ZSI6MTIwMDAwMDAwMDAwMH19"
        }
      ]
    },
    {
      "mode": "managed",
      "type": "aws_s3_bucket",
      "name": "runner_poc_testing_result",
      "provider": "provider[\"registry.terraform.io/hashicorp/aws\"]",
      "instances": [
        {
          "schema_version": 0,
          "attributes": {
            "acceleration_status": "",
            "acl": "private",
            "arn": "arn:aws:s3:::runner-poc-testing-result",
            "bucket": "runner-poc-testing-result",
            "bucket_domain_name": "runner-poc-testing-result.s3.amazonaws.com",
            "bucket_prefix": "",
            "bucket_regional_domain_name": "runner-poc-testing-result.s3.us-west-2.amazonaws.com",
            "cors_rule": [],
            "force_destroy": false,
            "grant": [
              {
                "id": "d51c7d9dd5a6dc427c371391a7a1b84dc9b42418f13f07c406d64c334e571563",
                "permissions": [
                  "FULL_CONTROL"
                ],
                "type": "CanonicalUser",
                "uri": ""
              }
            ],
            "hosted_zone_id": "Z3BJ6K6RIION7M",
            "id": "runner-poc-testing-result",
            "lifecycle_rule": [],
            "logging": [],
            "object_lock_configuration": [],
            "object_lock_enabled": false,
            "policy": "",
            "region": "us-west-2",
            "replication_configuration": [],
            "request_payer": "BucketOwner",
            "server_side_encryption_configuration": [
              {
                "rule": [
                  {
                    "apply_server_side_encryption_by_default": [
                      {
                        "kms_master_key_id": "",
                        "sse_algorithm": "AES256"
                      }
                    ],
                    "bucket_key_enabled": false
                  }
                ]
              }
            ],
            "tags": {},
            "tags_all": {},
            "timeouts": null,
            "versioning": [
              {
                "enabled": true,
                "mfa_delete": false
              }
            ],
            "website": [],
            "website_domain": null,
            "website_endpoint": null
          },
          "sensitive_attributes": [],
          "private": "eyJlMmJmYjczMC1lY2FhLTExZTYtOGY4OC0zNDM2M2JjN2M0YzAiOnsiY3JlYXRlIjoxMjAwMDAwMDAwMDAwLCJkZWxldGUiOjM2MDAwMDAwMDAwMDAsInJlYWQiOjEyMDAwMDAwMDAwMDAsInVwZGF0ZSI6MTIwMDAwMDAwMDAwMH19",
          "dependencies": [
            "aws_s3_bucket.runner_poc_bucket"
          ]
        }
      ]
    },
    {
      "mode": "managed",
      "type": "aws_s3_bucket_notification",
      "name": "runner_poc_bucket_notification",
      "provider": "provider[\"registry.terraform.io/hashicorp/aws\"]",
      "instances": [
        {
          "schema_version": 0,
          "attributes": {
            "bucket": "runner-poc-bucket",
            "eventbridge": false,
            "id": "runner-poc-bucket",
            "lambda_function": [
              {
                "events": [
                  "s3:ObjectCreated:*"
                ],
                "filter_prefix": "",
                "filter_suffix": "",
                "id": "tf-s3-lambda-20230718162357841200000001",
                "lambda_function_arn": "arn:aws:lambda:us-west-2:583625886946:function:TriggerGithubAction"
              }
            ],
            "queue": [],
            "topic": []
          },
          "sensitive_attributes": [],
          "private": "bnVsbA==",
          "dependencies": [
            "aws_ecr_repository.repository",
            "aws_iam_policy.iam_policy_for_lambda",
            "aws_iam_role.lambda_exec_role",
            "aws_iam_role_policy_attachment.attach_iam_policy_to_iam_role",
            "aws_lambda_function.trigger_github_action",
            "aws_s3_bucket.runner_poc_bucket"
          ]
        }
      ]
    }
  ]
}
