{
  "version": 4,
  "terraform_version": "1.2.4",
  "serial": 30,
  "lineage": "2e1ef329-2c50-c2b2-d67a-c3ed41b35cab",
  "outputs": {
    "aws_ecr_repository": {
      "value": "583625886946.dkr.ecr.us-west-2.amazonaws.com/lambda-github-action-trigger",
      "type": "string"
    }
  },
  "resources": [
    {
      "mode": "data",
      "type": "archive_file",
      "name": "zip_the_python_code",
      "provider": "provider[\"registry.terraform.io/hashicorp/archive\"]",
      "instances": [
        {
          "schema_version": 0,
          "attributes": {
            "exclude_symlink_directories": null,
            "excludes": null,
            "id": "2b3158bd2b31352e8140b3b2f0b489a0ec283b88",
            "output_base64sha256": "cBdc4A2twM8Tug2E/af77pP+zFpikdqijadQBZoqV4g=",
            "output_base64sha512": "pxuyX++Pnz3caWuUHQRuDQi00wDmuok7A7qprYkpSUZIG5CoPbwMUTRuAi0iZNJHFjxfqsn9j94EHY8jDoSGSA==",
            "output_file_mode": null,
            "output_md5": "320c26c145da8b471225bd80e63fd4ed",
            "output_path": "./trigger_job.zip",
            "output_sha": "2b3158bd2b31352e8140b3b2f0b489a0ec283b88",
            "output_sha256": "70175ce00dadc0cf13ba0d84fda7fbee93fecc5a6291daa28da750059a2a5788",
            "output_sha512": "a71bb25fef8f9f3ddc696b941d046e0d08b4d300e6ba893b03baa9ad89294946481b90a83dbc0c51346e022d2264d247163c5faac9fd8fde041d8f230e848648",
            "output_size": 133,
            "source": [],
            "source_content": null,
            "source_content_filename": null,
            "source_dir": "./lambda/",
            "source_file": null,
            "type": "zip"
          },
          "sensitive_attributes": []
        }
      ]
    },
    {
      "mode": "data",
      "type": "aws_ecr_authorization_token",
      "name": "token",
      "provider": "provider[\"registry.terraform.io/hashicorp/aws\"]",
      "instances": [
        {
          "schema_version": 0,
          "attributes": {
            "authorization_token": "QVdTOmV5SndZWGxzYjJGa0lqb2lObWROVHpKSE0wZE9hRVZFTVdkc09HRm5WVmRoUkhkNU1GRXZOMHRPYnpWYU5XczRSRTlGUnpKb1VqUTVjMWR5ZFVwS2JYTkhhRElyWTJocGMwODFXWGx1YVVreGQzTnFUMWRJWkRKNk5FbExjalJ1VGtsMFp5OU1RMk5YT0RCVlZWVk1OaTlSWm5KclFsSlRjbkJSWnpVd01saG1lRU5OVlhSMldqTnFWbTlrUlZGRVNrUm1SMmh6T0VSUmVuTnVZMFpxVm5Kb1IyNW9jRWQ0Y25jME4yTTJPVkJ6YjI0dlVHUktkQzl2VEdKNmVqWnhPVVpFVVU5clJGUnVSbmcwV1Vaa2FWSm1aa3R5Ums5SFZEbHJhR2RoY0ZSMVVDc3JPREl3V1UxaFFuVTNlUzlSZG1WeWRtOVNPRlJ3Y0ZOTFlsVlRUWEZHVVVrMVF6WXJWVU5TTDJ0aGJrdE5aRGgzU1c1R1dFSnJPV1J6U0ZwR1QyMXpOV3g2Y0dsd2FHUXhSbEJYT1ZSM2NscG1NSE5NZERSaWJ6bDZZa3N6ZUVWWlVWb3dUbVl4T1VOck9VdG1jalJEWWpFM2RteHlObU51UzFJd1pqRnpUME5LUTNGU1VWUnBLMHg2TXpsRVJWWlFZMHhJZFU4clF6bDRkR1J4S3poaFRXSlVTMmx6UWt3eVZ6SkdXVTFXT0hWeWNHMW9XSFEwWjJoSWJVb3djMVozWVRRelUyTTJiREZuTDI5MmFXTnVNSFZ0TjJoalEwRkNlalkyUjNwVWVGQnFZMU0zV2xCeFpWRkhiWEJUTXpFelVuQjVZazl5TW1wV2FWSXJWSFZqY2tZNE9GaFRhRmxZY1dwbU5YZEVXV3Q2YkZSYVJrUk1SbkZOTVZnMmJIb3hSbVJUYnl0dllrWmxZMU41UjFKb1RFZEhXR05JY3pSUFZVMU9RVk5IUzI1SGVFOVNhVlI1Y2xFNVZrVXJTRUZaUkRkVmJYQjBhSGRqWjNScWNFazBTR2hKVlhCNFdESkdRbWR1YVZoSGNsWTRkVVExWVZaeVUwdGhjMWhXWVVaSFFVeFZPSEI0U3pjMGRFRklLemRaVEd3M1MwdENhbXhLZEVwVU5HSjFjRTVTU2pCd05YUnBlWGxMSzFoRWEzbzVjMmg0U1ZKQ09HRmhlVFYwY2pJMmVrbzNNRVUwVkhOd2RWRjBVbUUxYkhoV01Wb3JiVmsxVEhwWFpFOXBXakppWTNsRE1UVlBhMEZEWTB0VWJUaEdURmM0ZG5oNU1sVkRjMmhVYlVFeFlXUnNkR05XYVhOeVJrZFhhMDlpVG1aTllXZHFlWGhIT0dwV1duRnpTamx4Ym1OVmVqVjVPSFF2TUZaamJVWlhXVE5TTURCeGVEbEdOakJ6YVd0UmFFaFFTbGszZUZObWVuSkliVGhOYUVkUlpFMXhjMElyUkN0Tk9ETnFOMGhoV1ZOb2JuQnVjVlJQZVdwNlYweDFVRkJDTVZReU1uQk9RazExT1RJek1WUmlhbHBhZGpsWk5VeDVaM1owVHk5NVJERTFjVGhaU25Wa2NUVktPRmRxWnpsdFlrWlZkMXBKV1RsbFZpczNXa2xCUW1JM1dXb3lPV1JQVXpGVWNpdFFPV0ptTmxKU2RWWTVWRkJuYW5kRk1XbHFNV2RqYzNoTGNFbHpaWFJsSzFwR2FuaFdWMEpwTmpBMk5VMUZjbWR4T1ZCQmJGUktWR1V4Y1hGd1lrRmFUMDFsYjAxVU1FeGhjRU5ZVUdSRWNFRnhhVU5TVVVwVk1XNDBWbFpFVmpGb1FYVllRbWQxUTA1Q2JVUnJXbUpIUzFoT1UwSTFNRk16SzNONk5VbFRlWEpRU1VwSU9WQlFRMnRCYTNWNWJVdDFkMVl6TldWVmQzTTNiVWhuVURCME4yOW1XV1JZU1RkWWVtdEJiRWhNY0VKb1RFMHhhRWhXY0V0T1JIWnZWMU5vUmxKSk1FbDFja1UwTlV0RWJqVmxSbTlDZGxoblJqTjZLMkV2UjNOclFuVnJVemw1ZW0xeFRscFlUMlZaTHpoQ1ZWUnViRmRPWjA5elRua3ZOV0ZHY2pkMlMyTnpXVkpGWlRkM1VUTkJTV05ZWkVKT09Wa3hUQ3QxV1ZCQ1pGQXJObEowWWtSdlJtMUJXVUZ2WlRsbllqWnBNV2d3YXpGMGJEZFpVV3RzY1V0R1pFcHZVMWxLYVU4ek5WTjRhbkEySzBreFJ6azVPV3RsVkVSMU5VeFFZMlZWYkZVNWEyWXZjbVpPVXpKMVZsRXhTRlZUV1ZSS1pURmhhbk5HZHpsVGJWRk5lbVpDVFZwNFduUkljVXBYZURkcldrZExMMWhMZFhKc01tMW1hMWx5YUhkSWVXZzVNMVpXTVRsVWVHeEhjV0ZSWTA1QlZrdFBRMnRITDBvMU5rcHdWRUY1TjJOYWFXdGlSRWhXZVhKcWRVWlNWbU53UVNzMlZEZHlaMmM0VFZOQlNVbDVJaXdpWkdGMFlXdGxlU0k2SWtGUlJVSkJTR28yYkdNMFdFbEtkeTgzYkc0d1NHTXdNRVJOWldzMlIwVjRTRU5pV1RSU1NYQlVUVU5KTlRoSmJsVjNRVUZCU0RSM1prRlpTa3R2V2tsb2RtTk9RVkZqUjI5SE9IZGlVVWxDUVVSQ2IwSm5hM0ZvYTJsSE9YY3dRa0ozUlhkSVoxbEtXVWxhU1VGWFZVUkNRVVYxVFVKRlJVUklNVFkyZVdsblJUbGxXVlJsZG1nMFVVbENSVWxCTjJZdmNGTTROelJWTjIwck9IZDJTak5LT1VRdlpsQmxPVU5QSzJ3M2IyaHZObkZMTHpkR1NXaHNVWHA2YkU5T2NsQkxkWFIwTVZaWE9YTndkMlp2VjFobGRHaHdUVVpxZG1Fd1pUQnFNRms5SWl3aWRtVnljMmx2YmlJNklqSWlMQ0owZVhCbElqb2lSRUZVUVY5TFJWa2lMQ0psZUhCcGNtRjBhVzl1SWpveE5qZzVOelEwT1RjNWZRPT0=",
            "expires_at": "2023-07-19T05:36:19Z",
            "id": "us-west-2",
            "password": "eyJwYXlsb2FkIjoiNmdNTzJHM0dOaEVEMWdsOGFnVVdhRHd5MFEvN0tObzVaNWs4RE9FRzJoUjQ5c1dydUpKbXNHaDIrY2hpc081WXluaUkxd3NqT1dIZDJ6NElLcjRuTkl0Zy9MQ2NXODBVVVVMNi9RZnJrQlJTcnBRZzUwMlhmeENNVXR2WjNqVm9kRVFESkRmR2hzOERRenNuY0ZqVnJoR25ocEd4cnc0N2M2OVBzb24vUGRKdC9vTGJ6ejZxOUZEUU9rRFRuRng0WUZkaVJmZktyRk9HVDlraGdhcFR1UCsrODIwWU1hQnU3eS9RdmVydm9SOFRwcFNLYlVTTXFGUUk1QzYrVUNSL2thbktNZDh3SW5GWEJrOWRzSFpGT21zNWx6cGlwaGQxRlBXOVR3clpmMHNMdDRibzl6YkszeEVZUVowTmYxOUNrOUtmcjRDYjE3dmxyNmNuS1IwZjFzT0NKQ3FSUVRpK0x6MzlERVZQY0xIdU8rQzl4dGRxKzhhTWJUS2lzQkwyVzJGWU1WOHVycG1oWHQ0Z2hIbUowc1Z3YTQzU2M2bDFnL292aWNuMHVtN2hjQ0FCejY2R3pUeFBqY1M3WlBxZVFHbXBTMzEzUnB5Yk9yMmpWaVIrVHVjckY4OFhTaFlYcWpmNXdEWWt6bFRaRkRMRnFNMVg2bHoxRmRTbytvYkZlY1N5R1JoTEdHWGNIczRPVU1OQVNHS25HeE9SaVR5clE5VkUrSEFZRDdVbXB0aHdjZ3RqcEk0SGhJVXB4WDJGQmduaVhHclY4dUQ1YVZyU0thc1hWYUZHQUxVOHB4Szc0dEFIKzdZTGw3S0tCamxKdEpUNGJ1cE5SSjBwNXRpeXlLK1hEa3o5c2h4SVJCOGFheTV0cjI2eko3MEU0VHNwdVF0UmE1bHhWMVorbVk1THpXZE9pWjJiY3lDMTVPa0FDY0tUbThGTFc4dnh5MlVDc2hUbUExYWRsdGNWaXNyRkdXa09iTmZNYWdqeXhHOGpWWnFzSjlxbmNVejV5OHQvMFZjbUZXWTNSMDBxeDlGNjBzaWtRaEhQSlk3eFNmenJIbThNaEdRZE1xc0IrRCtNODNqN0hhWVNobnBucVRPeWp6V0x1UFBCMVQyMnBOQk11OTIzMVRialpadjlZNUx5Z3Z0Ty95RDE1cThZSnVkcTVKOFdqZzltYkZVd1pJWTllVis3WklBQmI3WWoyOWRPUzFUcitQOWJmNlJSdVY5VFBnandFMWlqMWdjc3hLcElzZXRlK1pGanhWV0JpNjA2NU1FcmdxOVBBbFRKVGUxcXFwYkFaT01lb01UMExhcENYUGREcEFxaUNSUUpVMW40VlZEVjFoQXVYQmd1Q05CbURrWmJHS1hOU0I1MFMzK3N6NUlTeXJQSUpIOVBQQ2tBa3V5bUt1d1YzNWVVd3M3bUhnUDB0N29mWWRYSTdYemtBbEhMcEJoTE0xaEhWcEtORHZvV1NoRlJJMEl1ckU0NUtEbjVlRm9CdlhnRjN6K2EvR3NrQnVrUzl5em1xTlpYT2VZLzhCVVRubFdOZ09zTnkvNWFGcjd2S2NzWVJFZTd3UTNBSWNYZEJOOVkxTCt1WVBCZFArNlJ0YkRvRm1BWUFvZTlnYjZpMWgwazF0bDdZUWtscUtGZEpvU1lKaU8zNVN4anA2K0kxRzk5OWtlVER1NUxQY2VVbFU5a2YvcmZOUzJ1VlExSFVTWVRKZTFhanNGdzlTbVFNemZCTVp4WnRIcUpXeDdrWkdLL1hLdXJsMm1ma1lyaHdIeWg5M1ZWMTlUeGxHcWFRY05BVktPQ2tHL0o1NkpwVEF5N2NaaWtiREhWeXJqdUZSVmNwQSs2VDdyZ2c4TVNBSUl5IiwiZGF0YWtleSI6IkFRRUJBSGo2bGM0WElKdy83bG4wSGMwMERNZWs2R0V4SENiWTRSSXBUTUNJNThJblV3QUFBSDR3ZkFZSktvWklodmNOQVFjR29HOHdiUUlCQURCb0Jna3Foa2lHOXcwQkJ3RXdIZ1lKWUlaSUFXVURCQUV1TUJFRURIMTY2eWlnRTllWVRldmg0UUlCRUlBN2YvcFM4NzRVN20rOHd2SjNKOUQvZlBlOUNPK2w3b2hvNnFLLzdGSWhsUXp6bE9OclBLdXR0MVZXOXNwd2ZvV1hldGhwTUZqdmEwZTBqMFk9IiwidmVyc2lvbiI6IjIiLCJ0eXBlIjoiREFUQV9LRVkiLCJleHBpcmF0aW9uIjoxNjg5NzQ0OTc5fQ==",
            "proxy_endpoint": "https://583625886946.dkr.ecr.us-west-2.amazonaws.com",
            "registry_id": null,
            "user_name": "AWS"
          },
          "sensitive_attributes": []
        }
      ]
    },
    {
      "mode": "data",
      "type": "aws_iam_policy_document",
      "name": "bucket_policy",
      "provider": "provider[\"registry.terraform.io/hashicorp/aws\"]",
      "instances": [
        {
          "schema_version": 0,
          "attributes": {
            "id": "1330866554",
            "json": "{\n  \"Version\": \"2012-10-17\",\n  \"Statement\": [\n    {\n      \"Sid\": \"AllowBucketAccess\",\n      \"Effect\": \"Allow\",\n      \"Action\": [\n        \"s3:PutObject\",\n        \"s3:GetObject\",\n        \"s3:DeleteObject\"\n      ],\n      \"Resource\": [\n        \"arn:aws:s3:::runner-poc-testing-result/*\",\n        \"arn:aws:s3:::runner-poc-bucket/*\"\n      ]\n    }\n  ]\n}",
            "override_json": null,
            "override_policy_documents": null,
            "policy_id": null,
            "source_json": null,
            "source_policy_documents": null,
            "statement": [
              {
                "actions": [
                  "s3:DeleteObject",
                  "s3:GetObject",
                  "s3:PutObject"
                ],
                "condition": [],
                "effect": "Allow",
                "not_actions": [],
                "not_principals": [],
                "not_resources": [],
                "principals": [],
                "resources": [
                  "arn:aws:s3:::runner-poc-bucket/*",
                  "arn:aws:s3:::runner-poc-testing-result/*"
                ],
                "sid": "AllowBucketAccess"
              }
            ],
            "version": "2012-10-17"
          },
          "sensitive_attributes": []
        }
      ]
    },
    {
      "mode": "managed",
      "type": "aws_ecr_repository",
      "name": "repository",
      "provider": "provider[\"registry.terraform.io/hashicorp/aws\"]",
      "instances": [
        {
          "schema_version": 0,
          "attributes": {
            "arn": "arn:aws:ecr:us-west-2:583625886946:repository/lambda-github-action-trigger",
            "encryption_configuration": [
              {
                "encryption_type": "AES256",
                "kms_key": ""
              }
            ],
            "force_delete": null,
            "id": "lambda-github-action-trigger",
            "image_scanning_configuration": [
              {
                "scan_on_push": false
              }
            ],
            "image_tag_mutability": "MUTABLE",
            "name": "lambda-github-action-trigger",
            "registry_id": "583625886946",
            "repository_url": "583625886946.dkr.ecr.us-west-2.amazonaws.com/lambda-github-action-trigger",
            "tags": {},
            "tags_all": {},
            "timeouts": null
          },
          "sensitive_attributes": [],
          "private": "eyJlMmJmYjczMC1lY2FhLTExZTYtOGY4OC0zNDM2M2JjN2M0YzAiOnsiZGVsZXRlIjoxMjAwMDAwMDAwMDAwfX0="
        }
      ]
    },
    {
      "mode": "managed",
      "type": "aws_iam_policy",
      "name": "bucket_policy",
      "provider": "provider[\"registry.terraform.io/hashicorp/aws\"]",
      "instances": [
        {
          "schema_version": 0,
          "attributes": {
            "arn": "arn:aws:iam::583625886946:policy/S3BucketAccessPolicy",
            "description": "",
            "id": "arn:aws:iam::583625886946:policy/S3BucketAccessPolicy",
            "name": "S3BucketAccessPolicy",
            "name_prefix": "",
            "path": "/",
            "policy": "{\"Statement\":[{\"Action\":[\"s3:PutObject\",\"s3:GetObject\",\"s3:DeleteObject\"],\"Effect\":\"Allow\",\"Resource\":[\"arn:aws:s3:::runner-poc-testing-result/*\",\"arn:aws:s3:::runner-poc-bucket/*\"],\"Sid\":\"AllowBucketAccess\"}],\"Version\":\"2012-10-17\"}",
            "policy_id": "ANPAYPYWQJTRNTGCRQJON",
            "tags": {},
            "tags_all": {}
          },
          "sensitive_attributes": [],
          "private": "bnVsbA==",
          "dependencies": [
            "aws_s3_bucket.runner_poc_bucket",
            "aws_s3_bucket.runner_poc_testing_result",
            "data.aws_iam_policy_document.bucket_policy"
          ]
        }
      ]
    },
    {
      "mode": "managed",
      "type": "aws_iam_policy",
      "name": "iam_policy_for_lambda",
      "provider": "provider[\"registry.terraform.io/hashicorp/aws\"]",
      "instances": [
        {
          "schema_version": 0,
          "attributes": {
            "arn": "arn:aws:iam::583625886946:policy/aws_iam_policy_for_terraform_aws_lambda_role",
            "description": "AWS IAM Policy for managing aws lambda role",
            "id": "arn:aws:iam::583625886946:policy/aws_iam_policy_for_terraform_aws_lambda_role",
            "name": "aws_iam_policy_for_terraform_aws_lambda_role",
            "name_prefix": "",
            "path": "/",
            "policy": "{\"Statement\":[{\"Action\":[\"logs:CreateLogGroup\",\"logs:CreateLogStream\",\"logs:PutLogEvents\"],\"Effect\":\"Allow\",\"Resource\":\"arn:aws:logs:*:*:*\"}],\"Version\":\"2012-10-17\"}",
            "policy_id": "ANPAYPYWQJTRIAPWFGBZE",
            "tags": {},
            "tags_all": {}
          },
          "sensitive_attributes": [],
          "private": "bnVsbA=="
        }
      ]
    },
    {
      "mode": "managed",
      "type": "aws_iam_role",
      "name": "lambda_exec_role",
      "provider": "provider[\"registry.terraform.io/hashicorp/aws\"]",
      "instances": [
        {
          "schema_version": 0,
          "attributes": {
            "arn": "arn:aws:iam::583625886946:role/lambda-exec-role",
            "assume_role_policy": "{\"Statement\":[{\"Action\":\"sts:AssumeRole\",\"Effect\":\"Allow\",\"Principal\":{\"Service\":\"lambda.amazonaws.com\"},\"Sid\":\"\"}],\"Version\":\"2012-10-17\"}",
            "create_date": "2023-07-18T15:58:34Z",
            "description": "",
            "force_detach_policies": false,
            "id": "lambda-exec-role",
            "inline_policy": [],
            "managed_policy_arns": [
              "arn:aws:iam::583625886946:policy/aws_iam_policy_for_terraform_aws_lambda_role"
            ],
            "max_session_duration": 3600,
            "name": "lambda-exec-role",
            "name_prefix": "",
            "path": "/",
            "permissions_boundary": null,
            "role_last_used": [
              {
                "last_used_date": "2023-07-18T16:53:25Z",
                "region": "us-west-2"
              }
            ],
            "tags": {},
            "tags_all": {},
            "unique_id": "AROAYPYWQJTRF3KWR27EY"
          },
          "sensitive_attributes": [],
          "private": "bnVsbA=="
        }
      ]
    },
    {
      "mode": "managed",
      "type": "aws_iam_role_policy_attachment",
      "name": "attach_iam_policy_to_iam_role",
      "provider": "provider[\"registry.terraform.io/hashicorp/aws\"]",
      "instances": [
        {
          "schema_version": 0,
          "attributes": {
            "id": "lambda-exec-role-20230718161130881400000001",
            "policy_arn": "arn:aws:iam::583625886946:policy/aws_iam_policy_for_terraform_aws_lambda_role",
            "role": "lambda-exec-role"
          },
          "sensitive_attributes": [],
          "private": "bnVsbA==",
          "dependencies": [
            "aws_iam_policy.iam_policy_for_lambda",
            "aws_iam_role.lambda_exec_role"
          ]
        }
      ]
    },
    {
      "mode": "managed",
      "type": "aws_s3_bucket",
      "name": "runner_poc_bucket",
      "provider": "provider[\"registry.terraform.io/hashicorp/aws\"]",
      "instances": [
        {
          "schema_version": 0,
          "attributes": {
            "acceleration_status": "",
            "acl": "private",
            "arn": "arn:aws:s3:::runner-poc-bucket",
            "bucket": "runner-poc-bucket",
            "bucket_domain_name": "runner-poc-bucket.s3.amazonaws.com",
            "bucket_prefix": "",
            "bucket_regional_domain_name": "runner-poc-bucket.s3.us-west-2.amazonaws.com",
            "cors_rule": [],
            "force_destroy": false,
            "grant": [
              {
                "id": "d51c7d9dd5a6dc427c371391a7a1b84dc9b42418f13f07c406d64c334e571563",
                "permissions": [
                  "FULL_CONTROL"
                ],
                "type": "CanonicalUser",
                "uri": ""
              }
            ],
            "hosted_zone_id": "Z3BJ6K6RIION7M",
            "id": "runner-poc-bucket",
            "lifecycle_rule": [],
            "logging": [],
            "object_lock_configuration": [],
            "object_lock_enabled": false,
            "policy": "",
            "region": "us-west-2",
            "replication_configuration": [],
            "request_payer": "BucketOwner",
            "server_side_encryption_configuration": [
              {
                "rule": [
                  {
                    "apply_server_side_encryption_by_default": [
                      {
                        "kms_master_key_id": "",
                        "sse_algorithm": "AES256"
                      }
                    ],
                    "bucket_key_enabled": false
                  }
                ]
              }
            ],
            "tags": {},
            "tags_all": {},
            "timeouts": null,
            "versioning": [
              {
                "enabled": true,
                "mfa_delete": false
              }
            ],
            "website": [],
            "website_domain": null,
            "website_endpoint": null
          },
          "sensitive_attributes": [],
          "private": "eyJlMmJmYjczMC1lY2FhLTExZTYtOGY4OC0zNDM2M2JjN2M0YzAiOnsiY3JlYXRlIjoxMjAwMDAwMDAwMDAwLCJkZWxldGUiOjM2MDAwMDAwMDAwMDAsInJlYWQiOjEyMDAwMDAwMDAwMDAsInVwZGF0ZSI6MTIwMDAwMDAwMDAwMH19"
        }
      ]
    },
    {
      "mode": "managed",
      "type": "aws_s3_bucket",
      "name": "runner_poc_testing_result",
      "provider": "provider[\"registry.terraform.io/hashicorp/aws\"]",
      "instances": [
        {
          "schema_version": 0,
          "attributes": {
            "acceleration_status": "",
            "acl": "private",
            "arn": "arn:aws:s3:::runner-poc-testing-result",
            "bucket": "runner-poc-testing-result",
            "bucket_domain_name": "runner-poc-testing-result.s3.amazonaws.com",
            "bucket_prefix": "",
            "bucket_regional_domain_name": "runner-poc-testing-result.s3.us-west-2.amazonaws.com",
            "cors_rule": [],
            "force_destroy": false,
            "grant": [
              {
                "id": "d51c7d9dd5a6dc427c371391a7a1b84dc9b42418f13f07c406d64c334e571563",
                "permissions": [
                  "FULL_CONTROL"
                ],
                "type": "CanonicalUser",
                "uri": ""
              }
            ],
            "hosted_zone_id": "Z3BJ6K6RIION7M",
            "id": "runner-poc-testing-result",
            "lifecycle_rule": [],
            "logging": [],
            "object_lock_configuration": [],
            "object_lock_enabled": false,
            "policy": "",
            "region": "us-west-2",
            "replication_configuration": [],
            "request_payer": "BucketOwner",
            "server_side_encryption_configuration": [
              {
                "rule": [
                  {
                    "apply_server_side_encryption_by_default": [
                      {
                        "kms_master_key_id": "",
                        "sse_algorithm": "AES256"
                      }
                    ],
                    "bucket_key_enabled": false
                  }
                ]
              }
            ],
            "tags": {},
            "tags_all": {},
            "timeouts": null,
            "versioning": [
              {
                "enabled": true,
                "mfa_delete": false
              }
            ],
            "website": [],
            "website_domain": null,
            "website_endpoint": null
          },
          "sensitive_attributes": [],
          "private": "eyJlMmJmYjczMC1lY2FhLTExZTYtOGY4OC0zNDM2M2JjN2M0YzAiOnsiY3JlYXRlIjoxMjAwMDAwMDAwMDAwLCJkZWxldGUiOjM2MDAwMDAwMDAwMDAsInJlYWQiOjEyMDAwMDAwMDAwMDAsInVwZGF0ZSI6MTIwMDAwMDAwMDAwMH19",
          "dependencies": [
            "aws_s3_bucket.runner_poc_bucket"
          ]
        }
      ]
    },
    {
      "mode": "managed",
      "type": "aws_s3_bucket_notification",
      "name": "runner_poc_bucket_notification",
      "provider": "provider[\"registry.terraform.io/hashicorp/aws\"]",
      "instances": [
        {
          "schema_version": 0,
          "attributes": {
            "bucket": "runner-poc-bucket",
            "eventbridge": false,
            "id": "runner-poc-bucket",
            "lambda_function": [
              {
                "events": [
                  "s3:ObjectCreated:*"
                ],
                "filter_prefix": "",
                "filter_suffix": "",
                "id": "tf-s3-lambda-20230718162357841200000001",
                "lambda_function_arn": "arn:aws:lambda:us-west-2:583625886946:function:TriggerGithubAction"
              }
            ],
            "queue": [],
            "topic": []
          },
          "sensitive_attributes": [],
          "private": "bnVsbA==",
          "dependencies": [
            "aws_iam_policy.iam_policy_for_lambda",
            "aws_iam_role.lambda_exec_role",
            "aws_iam_role_policy_attachment.attach_iam_policy_to_iam_role",
            "aws_lambda_function.trigger_github_action",
            "aws_s3_bucket.runner_poc_bucket"
          ]
        }
      ]
    }
  ]
}
